<?xml version="1.0" encoding="utf-8"?>
<Project ToolsVersion="4.0" xmlns="http://schemas.microsoft.com/developer/msbuild/2003">
  <ItemGroup>
    <Filter Include="源文件">
      <UniqueIdentifier>{4FC737F1-C7A5-4376-A066-2A32D752A2FF}</UniqueIdentifier>
      <Extensions>cpp;c;cc;cxx;def;odl;idl;hpj;bat;asm;asmx</Extensions>
    </Filter>
    <Filter Include="头文件">
      <UniqueIdentifier>{93995380-89BD-4b04-88EB-625FBE52EBFB}</UniqueIdentifier>
      <Extensions>h;hpp;hxx;hm;inl;inc;xsd</Extensions>
    </Filter>
    <Filter Include="资源文件">
      <UniqueIdentifier>{67DA6AB6-F800-4c08-8B7A-83BB121AAD01}</UniqueIdentifier>
      <Extensions>rc;ico;cur;bmp;dlg;rc2;rct;bin;rgs;gif;jpg;jpeg;jpe;resx;tiff;tif;png;wav;mfcribbon-ms</Extensions>
    </Filter>
  </ItemGroup>
  <ItemGroup>
    <None Include="ReadMe.txt" />
    <None Include="D3DEarth.def">
      <Filter>源文件</Filter>
    </None>
    <None Include="备忘.txt">
      <Filter>源文件</Filter>
    </None>
  </ItemGroup>
  <ItemGroup>
    <ClInclude Include="stdafx.h">
      <Filter>头文件</Filter>
    </ClInclude>
    <ClInclude Include="targetver.h">
      <Filter>头文件</Filter>
    </ClInclude>
    <ClInclude Include="Renderer.h">
      <Filter>头文件</Filter>
    </ClInclude>
    <ClInclude Include="RendererManager.h">
      <Filter>头文件</Filter>
    </ClInclude>
    <ClInclude Include="TriangleRenderer.h">
      <Filter>头文件</Filter>
    </ClInclude>
    <ClInclude Include="Camera.h">
      <Filter>头文件</Filter>
    </ClInclude>
    <ClInclude Include="BasicModel.h">
      <Filter>头文件</Filter>
    </ClInclude>
    <ClInclude Include="MapTile.h">
      <Filter>头文件</Filter>
    </ClInclude>
    <ClInclude Include="Pline.h">
      <Filter>头文件</Filter>
    </ClInclude>
    <ClInclude Include="Parrow.h">
      <Filter>头文件</Filter>
    </ClInclude>
    <ClInclude Include="Para.h">
      <Filter>头文件</Filter>
    </ClInclude>
    <ClInclude Include="Helper.h">
      <Filter>头文件</Filter>
    </ClInclude>
    <ClInclude Include="PPolyCol.h">
      <Filter>头文件</Filter>
    </ClInclude>
    <ClInclude Include="PArea.h">
      <Filter>头文件</Filter>
    </ClInclude>
    <ClInclude Include="PPanel.h">
      <Filter>头文件</Filter>
    </ClInclude>
    <ClInclude Include="PText.h">
      <Filter>头文件</Filter>
    </ClInclude>
    <ClInclude Include="Global.h">
      <Filter>头文件</Filter>
    </ClInclude>
    <ClInclude Include="PSymbol.h">
      <Filter>头文件</Filter>
    </ClInclude>
    <ClInclude Include="XModel.h">
      <Filter>头文件</Filter>
    </ClInclude>
    <ClInclude Include="PCustom.h">
      <Filter>头文件</Filter>
    </ClInclude>
  </ItemGroup>
  <ItemGroup>
    <ClCompile Include="stdafx.cpp">
      <Filter>源文件</Filter>
    </ClCompile>
    <ClCompile Include="D3DEarth.cpp">
      <Filter>源文件</Filter>
    </ClCompile>
    <ClCompile Include="dllmain.cpp">
      <Filter>源文件</Filter>
    </ClCompile>
    <ClCompile Include="Renderer.cpp">
      <Filter>源文件</Filter>
    </ClCompile>
    <ClCompile Include="RendererManager.cpp">
      <Filter>源文件</Filter>
    </ClCompile>
    <ClCompile Include="TriangleRenderer.cpp">
      <Filter>源文件</Filter>
    </ClCompile>
    <ClCompile Include="Camera.cpp">
      <Filter>源文件</Filter>
    </ClCompile>
    <ClCompile Include="BasicModel.cpp">
      <Filter>源文件</Filter>
    </ClCompile>
    <ClCompile Include="MapTile.cpp">
      <Filter>源文件</Filter>
    </ClCompile>
    <ClCompile Include="Pline.cpp">
      <Filter>源文件</Filter>
    </ClCompile>
    <ClCompile Include="Parrow.cpp">
      <Filter>源文件</Filter>
    </ClCompile>
    <ClCompile Include="Para.cpp">
      <Filter>源文件</Filter>
    </ClCompile>
    <ClCompile Include="Helper.cpp">
      <Filter>源文件</Filter>
    </ClCompile>
    <ClCompile Include="PPolyCol.cpp">
      <Filter>源文件</Filter>
    </ClCompile>
    <ClCompile Include="PArea.cpp">
      <Filter>源文件</Filter>
    </ClCompile>
    <ClCompile Include="PPanel.cpp">
      <Filter>源文件</Filter>
    </ClCompile>
    <ClCompile Include="PText.cpp">
      <Filter>源文件</Filter>
    </ClCompile>
    <ClCompile Include="Global.cpp">
      <Filter>源文件</Filter>
    </ClCompile>
    <ClCompile Include="PSymbol.cpp">
      <Filter>源文件</Filter>
    </ClCompile>
    <ClCompile Include="XModel.cpp">
      <Filter>源文件</Filter>
    </ClCompile>
    <ClCompile Include="PCustom.cpp">
      <Filter>源文件</Filter>
    </ClCompile>
  </ItemGroup>
</Project>